
Microsoft Visual Studio Solution File, Format Version 12.00
# Visual Studio Version 17
VisualStudioVersion = 17.8.34511.84
MinimumVisualStudioVersion = 10.0.40219.1
Project("{FAE04EC0-301F-11D3-BF4B-00C04F79EFBC}") = "Week5LogicalOperators", "Week5LogicalOperators\Week5LogicalOperators.csproj", "{DA6EA1AC-5A3F-47F4-8B75-974045F2F7BD}"
EndProject
Project("{FAE04EC0-301F-11D3-BF4B-00C04F79EFBC}") = "ANDOperator", "ANDOperator\ANDOperator.csproj", "{AB52654D-3FCB-4D1B-8130-158277DFFF52}"
EndProject
Project("{FAE04EC0-301F-11D3-BF4B-00C04F79EFBC}") = "OROperator", "OROperator\OROperator.csproj", "{157916AC-4F4D-430E-8096-A8E20668FD44}"
EndProject
Project("{FAE04EC0-301F-11D3-BF4B-00C04F79EFBC}") = "ANDRanges", "ANDRanges\ANDRanges.csproj", "{F116EABC-5946-4A2C-81C1-B163C8416C5D}"
EndProject
Global
	GlobalSection(SolutionConfigurationPlatforms) = preSolution
		Debug|Any CPU = Debug|Any CPU
		Release|Any CPU = Release|Any CPU
	EndGlobalSection
	GlobalSection(ProjectConfigurationPlatforms) = postSolution
		{DA6EA1AC-5A3F-47F4-8B75-974045F2F7BD}.Debug|Any CPU.ActiveCfg = Debug|Any CPU
		{DA6EA1AC-5A3F-47F4-8B75-974045F2F7BD}.Debug|Any CPU.Build.0 = Debug|Any CPU
		{DA6EA1AC-5A3F-47F4-8B75-974045F2F7BD}.Release|Any CPU.ActiveCfg = Release|Any CPU
		{DA6EA1AC-5A3F-47F4-8B75-974045F2F7BD}.Release|Any CPU.Build.0 = Release|Any CPU
		{AB52654D-3FCB-4D1B-8130-158277DFFF52}.Debug|Any CPU.ActiveCfg = Debug|Any CPU
		{AB52654D-3FCB-4D1B-8130-158277DFFF52}.Debug|Any CPU.Build.0 = Debug|Any CPU
		{AB52654D-3FCB-4D1B-8130-158277DFFF52}.Release|Any CPU.ActiveCfg = Release|Any CPU
		{AB52654D-3FCB-4D1B-8130-158277DFFF52}.Release|Any CPU.Build.0 = Release|Any CPU
		{157916AC-4F4D-430E-8096-A8E20668FD44}.Debug|Any CPU.ActiveCfg = Debug|Any CPU
		{157916AC-4F4D-430E-8096-A8E20668FD44}.Debug|Any CPU.Build.0 = Debug|Any CPU
		{157916AC-4F4D-430E-8096-A8E20668FD44}.Release|Any CPU.ActiveCfg = Release|Any CPU
		{157916AC-4F4D-430E-8096-A8E20668FD44}.Release|Any CPU.Build.0 = Release|Any CPU
		{F116EABC-5946-4A2C-81C1-B163C8416C5D}.Debug|Any CPU.ActiveCfg = Debug|Any CPU
		{F116EABC-5946-4A2C-81C1-B163C8416C5D}.Debug|Any CPU.Build.0 = Debug|Any CPU
		{F116EABC-5946-4A2C-81C1-B163C8416C5D}.Release|Any CPU.ActiveCfg = Release|Any CPU
		{F116EABC-5946-4A2C-81C1-B163C8416C5D}.Release|Any CPU.Build.0 = Release|Any CPU
	EndGlobalSection
	GlobalSection(SolutionProperties) = preSolution
		HideSolutionNode = FALSE
	EndGlobalSection
	GlobalSection(ExtensibilityGlobals) = postSolution
		SolutionGuid = {551B1612-CD17-4024-BB21-8AE91DCD5AA8}
	EndGlobalSection
EndGlobal
